<?xml version="1.0" encoding="utf-8"?>
<Project ToolsVersion="4.0" xmlns="http://schemas.microsoft.com/developer/msbuild/2003">
  <ItemGroup>
    <Filter Include="Scenes">
      <UniqueIdentifier>{a3a86cd5-fac8-4add-b7b1-2d612ca82455}</UniqueIdentifier>
    </Filter>
    <Filter Include="Objects">
      <UniqueIdentifier>{b7c90025-1b71-4c9f-8d58-dc9b39244376}</UniqueIdentifier>
    </Filter>
    <Filter Include="System">
      <UniqueIdentifier>{c53942c3-5cdb-449b-bdfa-0d3117456c66}</UniqueIdentifier>
    </Filter>
    <Filter Include="Objects\Players">
      <UniqueIdentifier>{401d1a28-5641-4cb5-bfe8-7a3150fc6b33}</UniqueIdentifier>
    </Filter>
    <Filter Include="Objects\Bullets">
      <UniqueIdentifier>{00257f27-8ffb-447d-966c-85b397e42a5d}</UniqueIdentifier>
    </Filter>
    <Filter Include="Music">
      <UniqueIdentifier>{b8043879-a53a-4a93-adae-59d223ee31a5}</UniqueIdentifier>
    </Filter>
    <Filter Include="Objects\Weapons">
      <UniqueIdentifier>{22e522cc-21d4-47d0-bee9-2c7d2ae68108}</UniqueIdentifier>
    </Filter>
    <Filter Include="Interfaces">
      <UniqueIdentifier>{5d73907d-df76-4e49-9994-c48962f11183}</UniqueIdentifier>
    </Filter>
  </ItemGroup>
  <ItemGroup>
    <ClCompile Include="..\src\main.cpp" />
    <ClCompile Include="..\src\System\Game_loop.cpp">
      <Filter>System</Filter>
    </ClCompile>
    <ClCompile Include="..\src\Objects\Player1.cpp">
      <Filter>Objects\Players</Filter>
    </ClCompile>
    <ClCompile Include="..\src\Objects\Player2.cpp">
      <Filter>Objects\Players</Filter>
    </ClCompile>
    <ClCompile Include="..\src\Scenes\Credits.cpp">
      <Filter>Scenes</Filter>
    </ClCompile>
    <ClCompile Include="..\src\Scenes\Gameplay.cpp">
      <Filter>Scenes</Filter>
    </ClCompile>
    <ClCompile Include="..\src\Scenes\Menu.cpp">
      <Filter>Scenes</Filter>
    </ClCompile>
    <ClCompile Include="..\src\Objects\Bullet.cpp">
      <Filter>Objects\Bullets</Filter>
    </ClCompile>
    <ClCompile Include="..\src\System\Screen.cpp">
      <Filter>System</Filter>
    </ClCompile>
    <ClCompile Include="..\src\Music\music.cpp">
      <Filter>Music</Filter>
    </ClCompile>
    <ClCompile Include="..\src\Objects\Character.cpp">
      <Filter>Objects\Players</Filter>
    </ClCompile>
    <ClCompile Include="..\src\Objects\Weapon.cpp">
      <Filter>Objects\Weapons</Filter>
    </ClCompile>
    <ClCompile Include="..\src\Objects\Revolver.cpp">
      <Filter>Objects\Weapons</Filter>
    </ClCompile>
    <ClCompile Include="..\src\Objects\Shotgun.cpp">
      <Filter>Objects\Weapons</Filter>
    </ClCompile>
    <ClCompile Include="..\src\Interfaces\IColisionable.cpp">
      <Filter>Interfaces</Filter>
    </ClCompile>
    <ClCompile Include="..\src\System\ColisionManager.cpp">
      <Filter>System</Filter>
    </ClCompile>
    <ClCompile Include="..\src\System\Animation.cpp">
      <Filter>System</Filter>
    </ClCompile>
  </ItemGroup>
  <ItemGroup>
    <ClInclude Include="..\src\System\Game_loop.h">
      <Filter>System</Filter>
    </ClInclude>
    <ClInclude Include="..\src\Objects\Player1.h">
      <Filter>Objects\Players</Filter>
    </ClInclude>
    <ClInclude Include="..\src\Objects\Player2.h">
      <Filter>Objects\Players</Filter>
    </ClInclude>
    <ClInclude Include="..\src\Scenes\Credits.h">
      <Filter>Scenes</Filter>
    </ClInclude>
    <ClInclude Include="..\src\Scenes\Gameplay.h">
      <Filter>Scenes</Filter>
    </ClInclude>
    <ClInclude Include="..\src\Scenes\Menu.h">
      <Filter>Scenes</Filter>
    </ClInclude>
    <ClInclude Include="..\src\Objects\Bullet.h">
      <Filter>Objects\Bullets</Filter>
    </ClInclude>
    <ClInclude Include="..\src\System\Screen.h">
      <Filter>System</Filter>
    </ClInclude>
    <ClInclude Include="..\src\Music\music.h">
      <Filter>Music</Filter>
    </ClInclude>
    <ClInclude Include="..\src\Objects\Character.h">
      <Filter>Objects\Players</Filter>
    </ClInclude>
    <ClInclude Include="..\src\Objects\Weapon.h">
      <Filter>Objects\Weapons</Filter>
    </ClInclude>
    <ClInclude Include="..\src\Objects\Revolver.h">
      <Filter>Objects\Weapons</Filter>
    </ClInclude>
    <ClInclude Include="..\src\Objects\Shotgun.h">
      <Filter>Objects\Weapons</Filter>
    </ClInclude>
    <ClInclude Include="..\src\Interfaces\IColisionable.h">
      <Filter>Interfaces</Filter>
    </ClInclude>
    <ClInclude Include="..\src\System\ColisionManager.h">
      <Filter>System</Filter>
    </ClInclude>
    <ClInclude Include="..\src\System\Animation.h">
      <Filter>System</Filter>
    </ClInclude>
  </ItemGroup>
</Project>